// !$*UTF8*$!
{
	archiveVersion = 1;
	classes = {
	};
	objectVersion = 46;
	objects = {

/* Begin PBXBuildFile section */
		1D42AF221D4AAE0600640D9F /* AppDelegate.swift in Sources */ = {isa = PBXBuildFile; fileRef = 1D42AF211D4AAE0600640D9F /* AppDelegate.swift */; };
		1D42AF241D4AAE0600640D9F /* ViewController.swift in Sources */ = {isa = PBXBuildFile; fileRef = 1D42AF231D4AAE0600640D9F /* ViewController.swift */; };
		1D42AF271D4AAE0600640D9F /* Main.storyboard in Resources */ = {isa = PBXBuildFile; fileRef = 1D42AF251D4AAE0600640D9F /* Main.storyboard */; };
		1D42AF291D4AAE0600640D9F /* Assets.xcassets in Resources */ = {isa = PBXBuildFile; fileRef = 1D42AF281D4AAE0600640D9F /* Assets.xcassets */; };
		1D42AF2C1D4AAE0600640D9F /* LaunchScreen.storyboard in Resources */ = {isa = PBXBuildFile; fileRef = 1D42AF2A1D4AAE0600640D9F /* LaunchScreen.storyboard */; };
		1D42AF371D4AAE0600640D9F /* MemeMe_1_0Tests.swift in Sources */ = {isa = PBXBuildFile; fileRef = 1D42AF361D4AAE0600640D9F /* MemeMe_1_0Tests.swift */; };
		1D42AF421D4AAE0600640D9F /* MemeMe_1_0UITests.swift in Sources */ = {isa = PBXBuildFile; fileRef = 1D42AF411D4AAE0600640D9F /* MemeMe_1_0UITests.swift */; };
		AE4620401D70125400667112 /* Meme.swift in Sources */ = {isa = PBXBuildFile; fileRef = AE46203F1D70125400667112 /* Meme.swift */; };
		AE4620421D701AA100667112 /* MemeTableViewController.swift in Sources */ = {isa = PBXBuildFile; fileRef = AE4620411D701AA100667112 /* MemeTableViewController.swift */; };
/* End PBXBuildFile section */

/* Begin PBXContainerItemProxy section */
		1D42AF331D4AAE0600640D9F /* PBXContainerItemProxy */ = {
			isa = PBXContainerItemProxy;
			containerPortal = 1D42AF161D4AAE0600640D9F /* Project object */;
			proxyType = 1;
			remoteGlobalIDString = 1D42AF1D1D4AAE0600640D9F;
			remoteInfo = "MemeMe 1.0";
		};
		1D42AF3E1D4AAE0600640D9F /* PBXContainerItemProxy */ = {
			isa = PBXContainerItemProxy;
			containerPortal = 1D42AF161D4AAE0600640D9F /* Project object */;
			proxyType = 1;
			remoteGlobalIDString = 1D42AF1D1D4AAE0600640D9F;
			remoteInfo = "MemeMe 1.0";
		};
/* End PBXContainerItemProxy section */

/* Begin PBXFileReference section */
		1D42AF1E1D4AAE0600640D9F /* MemeMe 1.0.app */ = {isa = PBXFileReference; explicitFileType = wrapper.application; includeInIndex = 0; path = "MemeMe 1.0.app"; sourceTree = BUILT_PRODUCTS_DIR; };
		1D42AF211D4AAE0600640D9F /* AppDelegate.swift */ = {isa = PBXFileReference; lastKnownFileType = sourcecode.swift; path = AppDelegate.swift; sourceTree = "<group>"; };
		1D42AF231D4AAE0600640D9F /* ViewController.swift */ = {isa = PBXFileReference; lastKnownFileType = sourcecode.swift; path = ViewController.swift; sourceTree = "<group>"; };
		1D42AF261D4AAE0600640D9F /* Base */ = {isa = PBXFileReference; lastKnownFileType = file.storyboard; name = Base; path = Base.lproj/Main.storyboard; sourceTree = "<group>"; };
		1D42AF281D4AAE0600640D9F /* Assets.xcassets */ = {isa = PBXFileReference; lastKnownFileType = folder.assetcatalog; path = Assets.xcassets; sourceTree = "<group>"; };
		1D42AF2B1D4AAE0600640D9F /* Base */ = {isa = PBXFileReference; lastKnownFileType = file.storyboard; name = Base; path = Base.lproj/LaunchScreen.storyboard; sourceTree = "<group>"; };
		1D42AF2D1D4AAE0600640D9F /* Info.plist */ = {isa = PBXFileReference; lastKnownFileType = text.plist.xml; path = Info.plist; sourceTree = "<group>"; };
		1D42AF321D4AAE0600640D9F /* MemeMe 1.0Tests.xctest */ = {isa = PBXFileReference; explicitFileType = wrapper.cfbundle; includeInIndex = 0; path = "MemeMe 1.0Tests.xctest"; sourceTree = BUILT_PRODUCTS_DIR; };
		1D42AF361D4AAE0600640D9F /* MemeMe_1_0Tests.swift */ = {isa = PBXFileReference; lastKnownFileType = sourcecode.swift; path = MemeMe_1_0Tests.swift; sourceTree = "<group>"; };
		1D42AF381D4AAE0600640D9F /* Info.plist */ = {isa = PBXFileReference; lastKnownFileType = text.plist.xml; path = Info.plist; sourceTree = "<group>"; };
		1D42AF3D1D4AAE0600640D9F /* MemeMe 1.0UITests.xctest */ = {isa = PBXFileReference; explicitFileType = wrapper.cfbundle; includeInIndex = 0; path = "MemeMe 1.0UITests.xctest"; sourceTree = BUILT_PRODUCTS_DIR; };
		1D42AF411D4AAE0600640D9F /* MemeMe_1_0UITests.swift */ = {isa = PBXFileReference; lastKnownFileType = sourcecode.swift; path = MemeMe_1_0UITests.swift; sourceTree = "<group>"; };
		1D42AF431D4AAE0600640D9F /* Info.plist */ = {isa = PBXFileReference; lastKnownFileType = text.plist.xml; path = Info.plist; sourceTree = "<group>"; };
		AE46203F1D70125400667112 /* Meme.swift */ = {isa = PBXFileReference; fileEncoding = 4; lastKnownFileType = sourcecode.swift; path = Meme.swift; sourceTree = "<group>"; };
		AE4620411D701AA100667112 /* MemeTableViewController.swift */ = {isa = PBXFileReference; fileEncoding = 4; lastKnownFileType = sourcecode.swift; path = MemeTableViewController.swift; sourceTree = "<group>"; };
/* End PBXFileReference section */

/* Begin PBXFrameworksBuildPhase section */
		1D42AF1B1D4AAE0600640D9F /* Frameworks */ = {
			isa = PBXFrameworksBuildPhase;
			buildActionMask = 2147483647;
			files = (
			);
			runOnlyForDeploymentPostprocessing = 0;
		};
		1D42AF2F1D4AAE0600640D9F /* Frameworks */ = {
			isa = PBXFrameworksBuildPhase;
			buildActionMask = 2147483647;
			files = (
			);
			runOnlyForDeploymentPostprocessing = 0;
		};
		1D42AF3A1D4AAE0600640D9F /* Frameworks */ = {
			isa = PBXFrameworksBuildPhase;
			buildActionMask = 2147483647;
			files = (
			);
			runOnlyForDeploymentPostprocessing = 0;
		};
/* End PBXFrameworksBuildPhase section */

/* Begin PBXGroup section */
		1D42AF151D4AAE0600640D9F = {
			isa = PBXGroup;
			children = (
				1D42AF201D4AAE0600640D9F /* MemeMe 1.0 */,
				1D42AF351D4AAE0600640D9F /* MemeMe 1.0Tests */,
				1D42AF401D4AAE0600640D9F /* MemeMe 1.0UITests */,
				1D42AF1F1D4AAE0600640D9F /* Products */,
			);
			sourceTree = "<group>";
		};
		1D42AF1F1D4AAE0600640D9F /* Products */ = {
			isa = PBXGroup;
			children = (
				1D42AF1E1D4AAE0600640D9F /* MemeMe 1.0.app */,
				1D42AF321D4AAE0600640D9F /* MemeMe 1.0Tests.xctest */,
				1D42AF3D1D4AAE0600640D9F /* MemeMe 1.0UITests.xctest */,
			);
			name = Products;
			sourceTree = "<group>";
		};
		1D42AF201D4AAE0600640D9F /* MemeMe 1.0 */ = {
			isa = PBXGroup;
			children = (
				1D42AF211D4AAE0600640D9F /* AppDelegate.swift */,
				AE46203F1D70125400667112 /* Meme.swift */,
				1D42AF231D4AAE0600640D9F /* ViewController.swift */,
				AE4620411D701AA100667112 /* MemeTableViewController.swift */,
				1D42AF251D4AAE0600640D9F /* Main.storyboard */,
				1D42AF281D4AAE0600640D9F /* Assets.xcassets */,
				1D42AF2A1D4AAE0600640D9F /* LaunchScreen.storyboard */,
				1D42AF2D1D4AAE0600640D9F /* Info.plist */,
			);
			path = "MemeMe 1.0";
			sourceTree = "<group>";
		};
		1D42AF351D4AAE0600640D9F /* MemeMe 1.0Tests */ = {
			isa = PBXGroup;
			children = (
				1D42AF361D4AAE0600640D9F /* MemeMe_1_0Tests.swift */,
				1D42AF381D4AAE0600640D9F /* Info.plist */,
			);
			path = "MemeMe 1.0Tests";
			sourceTree = "<group>";
		};
		1D42AF401D4AAE0600640D9F /* MemeMe 1.0UITests */ = {
			isa = PBXGroup;
			children = (
				1D42AF411D4AAE0600640D9F /* MemeMe_1_0UITests.swift */,
				1D42AF431D4AAE0600640D9F /* Info.plist */,
			);
			path = "MemeMe 1.0UITests";
			sourceTree = "<group>";
		};
/* End PBXGroup section */

/* Begin PBXNativeTarget section */
		1D42AF1D1D4AAE0600640D9F /* MemeMe 1.0 */ = {
			isa = PBXNativeTarget;
			buildConfigurationList = 1D42AF461D4AAE0600640D9F /* Build configuration list for PBXNativeTarget "MemeMe 1.0" */;
			buildPhases = (
				1D42AF1A1D4AAE0600640D9F /* Sources */,
				1D42AF1B1D4AAE0600640D9F /* Frameworks */,
				1D42AF1C1D4AAE0600640D9F /* Resources */,
			);
			buildRules = (
			);
			dependencies = (
			);
			name = "MemeMe 1.0";
			productName = "MemeMe 1.0";
			productReference = 1D42AF1E1D4AAE0600640D9F /* MemeMe 1.0.app */;
			productType = "com.apple.product-type.application";
		};
		1D42AF311D4AAE0600640D9F /* MemeMe 1.0Tests */ = {
			isa = PBXNativeTarget;
			buildConfigurationList = 1D42AF491D4AAE0600640D9F /* Build configuration list for PBXNativeTarget "MemeMe 1.0Tests" */;
			buildPhases = (
				1D42AF2E1D4AAE0600640D9F /* Sources */,
				1D42AF2F1D4AAE0600640D9F /* Frameworks */,
				1D42AF301D4AAE0600640D9F /* Resources */,
			);
			buildRules = (
			);
			dependencies = (
				1D42AF341D4AAE0600640D9F /* PBXTargetDependency */,
			);
			name = "MemeMe 1.0Tests";
			productName = "MemeMe 1.0Tests";
			productReference = 1D42AF321D4AAE0600640D9F /* MemeMe 1.0Tests.xctest */;
			productType = "com.apple.product-type.bundle.unit-test";
		};
		1D42AF3C1D4AAE0600640D9F /* MemeMe 1.0UITests */ = {
			isa = PBXNativeTarget;
			buildConfigurationList = 1D42AF4C1D4AAE0600640D9F /* Build configuration list for PBXNativeTarget "MemeMe 1.0UITests" */;
			buildPhases = (
				1D42AF391D4AAE0600640D9F /* Sources */,
				1D42AF3A1D4AAE0600640D9F /* Frameworks */,
				1D42AF3B1D4AAE0600640D9F /* Resources */,
			);
			buildRules = (
			);
			dependencies = (
				1D42AF3F1D4AAE0600640D9F /* PBXTargetDependency */,
			);
			name = "MemeMe 1.0UITests";
			productName = "MemeMe 1.0UITests";
			productReference = 1D42AF3D1D4AAE0600640D9F /* MemeMe 1.0UITests.xctest */;
			productType = "com.apple.product-type.bundle.ui-testing";
		};
/* End PBXNativeTarget section */

/* Begin PBXProject section */
		1D42AF161D4AAE0600640D9F /* Project object */ = {
			isa = PBXProject;
			attributes = {
				LastSwiftUpdateCheck = 0730;
				LastUpgradeCheck = 0730;
				ORGANIZATIONNAME = 840west;
				TargetAttributes = {
					1D42AF1D1D4AAE0600640D9F = {
						CreatedOnToolsVersion = 7.3.1;
					};
					1D42AF311D4AAE0600640D9F = {
						CreatedOnToolsVersion = 7.3.1;
						TestTargetID = 1D42AF1D1D4AAE0600640D9F;
					};
					1D42AF3C1D4AAE0600640D9F = {
						CreatedOnToolsVersion = 7.3.1;
						TestTargetID = 1D42AF1D1D4AAE0600640D9F;
					};
				};
			};
			buildConfigurationList = 1D42AF191D4AAE0600640D9F /* Build configuration list for PBXProject "MemeMe 1.0" */;
			compatibilityVersion = "Xcode 3.2";
			developmentRegion = English;
			hasScannedForEncodings = 0;
			knownRegions = (
				en,
				Base,
			);
			mainGroup = 1D42AF151D4AAE0600640D9F;
			productRefGroup = 1D42AF1F1D4AAE0600640D9F /* Products */;
			projectDirPath = "";
			projectRoot = "";
			targets = (
				1D42AF1D1D4AAE0600640D9F /* MemeMe 1.0 */,
				1D42AF311D4AAE0600640D9F /* MemeMe 1.0Tests */,
				1D42AF3C1D4AAE0600640D9F /* MemeMe 1.0UITests */,
			);
		};
/* End PBXProject section */

/* Begin PBXResourcesBuildPhase section */
		1D42AF1C1D4AAE0600640D9F /* Resources */ = {
			isa = PBXResourcesBuildPhase;
			buildActionMask = 2147483647;
			files = (
				1D42AF2C1D4AAE0600640D9F /* LaunchScreen.storyboard in Resources */,
				1D42AF291D4AAE0600640D9F /* Assets.xcassets in Resources */,
				1D42AF271D4AAE0600640D9F /* Main.storyboard in Resources */,
			);
			runOnlyForDeploymentPostprocessing = 0;
		};
		1D42AF301D4AAE0600640D9F /* Resources */ = {
			isa = PBXResourcesBuildPhase;
			buildActionMask = 2147483647;
			files = (
			);
			runOnlyForDeploymentPostprocessing = 0;
		};
		1D42AF3B1D4AAE0600640D9F /* Resources */ = {
			isa = PBXResourcesBuildPhase;
			buildActionMask = 2147483647;
			files = (
			);
			runOnlyForDeploymentPostprocessing = 0;
		};
/* End PBXResourcesBuildPhase section */

/* Begin PBXSourcesBuildPhase section */
		1D42AF1A1D4AAE0600640D9F /* Sources */ = {
			isa = PBXSourcesBuildPhase;
			buildActionMask = 2147483647;
			files = (
				AE4620401D70125400667112 /* Meme.swift in Sources */,
				1D42AF241D4AAE0600640D9F /* ViewController.swift in Sources */,
				1D42AF221D4AAE0600640D9F /* AppDelegate.swift in Sources */,
				AE4620421D701AA100667112 /* MemeTableViewController.swift in Sources */,
			);
			runOnlyForDeploymentPostprocessing = 0;
		};
		1D42AF2E1D4AAE0600640D9F /* Sources */ = {
			isa = PBXSourcesBuildPhase;
			buildActionMask = 2147483647;
			files = (
				1D42AF371D4AAE0600640D9F /* MemeMe_1_0Tests.swift in Sources */,
			);
			runOnlyForDeploymentPostprocessing = 0;
		};
		1D42AF391D4AAE0600640D9F /* Sources */ = {
			isa = PBXSourcesBuildPhase;
			buildActionMask = 2147483647;
			files = (
				1D42AF421D4AAE0600640D9F /* MemeMe_1_0UITests.swift in Sources */,
			);
			runOnlyForDeploymentPostprocessing = 0;
		};
/* End PBXSourcesBuildPhase section */

/* Begin PBXTargetDependency section */
		1D42AF341D4AAE0600640D9F /* PBXTargetDependency */ = {
			isa = PBXTargetDependency;
			target = 1D42AF1D1D4AAE0600640D9F /* MemeMe 1.0 */;
			targetProxy = 1D42AF331D4AAE0600640D9F /* PBXContainerItemProxy */;
		};
		1D42AF3F1D4AAE0600640D9F /* PBXTargetDependency */ = {
			isa = PBXTargetDependency;
			target = 1D42AF1D1D4AAE0600640D9F /* MemeMe 1.0 */;
			targetProxy = 1D42AF3E1D4AAE0600640D9F /* PBXContainerItemProxy */;
		};
/* End PBXTargetDependency section */

/* Begin PBXVariantGroup section */
		1D42AF251D4AAE0600640D9F /* Main.storyboard */ = {
			isa = PBXVariantGroup;
			children = (
				1D42AF261D4AAE0600640D9F /* Base */,
			);
			name = Main.storyboard;
			sourceTree = "<group>";
		};
		1D42AF2A1D4AAE0600640D9F /* LaunchScreen.storyboard */ = {
			isa = PBXVariantGroup;
			children = (
				1D42AF2B1D4AAE0600640D9F /* Base */,
			);
			name = LaunchScreen.storyboard;
			sourceTree = "<group>";
		};
/* End PBXVariantGroup section */

/* Begin XCBuildConfiguration section */
		1D42AF441D4AAE0600640D9F /* Debug */ = {
			isa = XCBuildConfiguration;
			buildSettings = {
				ALWAYS_SEARCH_USER_PATHS = NO;
				CLANG_ANALYZER_NONNULL = YES;
				CLANG_CXX_LANGUAGE_STANDARD = "gnu++0x";
				CLANG_CXX_LIBRARY = "libc++";
				CLANG_ENABLE_MODULES = YES;
				CLANG_ENABLE_OBJC_ARC = YES;
				CLANG_WARN_BOOL_CONVERSION = YES;
				CLANG_WARN_CONSTANT_CONVERSION = YES;
				CLANG_WARN_DIRECT_OBJC_ISA_USAGE = YES_ERROR;
				CLANG_WARN_EMPTY_BODY = YES;
				CLANG_WARN_ENUM_CONVERSION = YES;
				CLANG_WARN_INT_CONVERSION = YES;
				CLANG_WARN_OBJC_ROOT_CLASS = YES_ERROR;
				CLANG_WARN_UNREACHABLE_CODE = YES;
				CLANG_WARN__DUPLICATE_METHOD_MATCH = YES;
				"CODE_SIGN_IDENTITY[sdk=iphoneos*]" = "iPhone Developer";
				COPY_PHASE_STRIP = NO;
				DEBUG_INFORMATION_FORMAT = dwarf;
				ENABLE_STRICT_OBJC_MSGSEND = YES;
				ENABLE_TESTABILITY = YES;
				GCC_C_LANGUAGE_STANDARD = gnu99;
				GCC_DYNAMIC_NO_PIC = NO;
				GCC_NO_COMMON_BLOCKS = YES;
				GCC_OPTIMIZATION_LEVEL = 0;
				GCC_PREPROCESSOR_DEFINITIONS = (
					"DEBUG=1",
					"$(inherited)",
				);
				GCC_WARN_64_TO_32_BIT_CONVERSION = YES;
				GCC_WARN_ABOUT_RETURN_TYPE = YES_ERROR;
				GCC_WARN_UNDECLARED_SELECTOR = YES;
				GCC_WARN_UNINITIALIZED_AUTOS = YES_AGGRESSIVE;
				GCC_WARN_UNUSED_FUNCTION = YES;
				GCC_WARN_UNUSED_VARIABLE = YES;
				IPHONEOS_DEPLOYMENT_TARGET = 9.3;
				MTL_ENABLE_DEBUG_INFO = YES;
				ONLY_ACTIVE_ARCH = YES;
				SDKROOT = iphoneos;
				SWIFT_OPTIMIZATION_LEVEL = "-Onone";
				TARGETED_DEVICE_FAMILY = "1,2";
			};
			name = Debug;
		};
		1D42AF451D4AAE0600640D9F /* Release */ = {
			isa = XCBuildConfiguration;
			buildSettings = {
				ALWAYS_SEARCH_USER_PATHS = NO;
				CLANG_ANALYZER_NONNULL = YES;
				CLANG_CXX_LANGUAGE_STANDARD = "gnu++0x";
				CLANG_CXX_LIBRARY = "libc++";
				CLANG_ENABLE_MODULES = YES;
				CLANG_ENABLE_OBJC_ARC = YES;
				CLANG_WARN_BOOL_CONVERSION = YES;
				CLANG_WARN_CONSTANT_CONVERSION = YES;
				CLANG_WARN_DIRECT_OBJC_ISA_USAGE = YES_ERROR;
				CLANG_WARN_EMPTY_BODY = YES;
				CLANG_WARN_ENUM_CONVERSION = YES;
				CLANG_WARN_INT_CONVERSION = YES;
				CLANG_WARN_OBJC_ROOT_CLASS = YES_ERROR;
				CLANG_WARN_UNREACHABLE_CODE = YES;
				CLANG_WARN__DUPLICATE_METHOD_MATCH = YES;
				"CODE_SIGN_IDENTITY[sdk=iphoneos*]" = "iPhone Developer";
				COPY_PHASE_STRIP = NO;
				DEBUG_INFORMATION_FORMAT = "dwarf-with-dsym";
				ENABLE_NS_ASSERTIONS = NO;
				ENABLE_STRICT_OBJC_MSGSEND = YES;
				GCC_C_LANGUAGE_STANDARD = gnu99;
				GCC_NO_COMMON_BLOCKS = YES;
				GCC_WARN_64_TO_32_BIT_CONVERSION = YES;
				GCC_WARN_ABOUT_RETURN_TYPE = YES_ERROR;
				GCC_WARN_UNDECLARED_SELECTOR = YES;
				GCC_WARN_UNINITIALIZED_AUTOS = YES_AGGRESSIVE;
				GCC_WARN_UNUSED_FUNCTION = YES;
				GCC_WARN_UNUSED_VARIABLE = YES;
				IPHONEOS_DEPLOYMENT_TARGET = 9.3;
				MTL_ENABLE_DEBUG_INFO = NO;
				SDKROOT = iphoneos;
				TARGETED_DEVICE_FAMILY = "1,2";
				VALIDATE_PRODUCT = YES;
			};
			name = Release;
		};
		1D42AF471D4AAE0600640D9F /* Debug */ = {
			isa = XCBuildConfiguration;
			buildSettings = {
				ASSETCATALOG_COMPILER_APPICON_NAME = AppIcon;
				INFOPLIST_FILE = "MemeMe 1.0/Info.plist";
				LD_RUNPATH_SEARCH_PATHS = "$(inherited) @executable_path/Frameworks";
				PRODUCT_BUNDLE_IDENTIFIER = "com.840w.MemeMe-1-0";
				PRODUCT_NAME = "$(TARGET_NAME)";
			};
			name = Debug;
		};
		1D42AF481D4AAE0600640D9F /* Release */ = {
			isa = XCBuildConfiguration;
			buildSettings = {
				ASSETCATALOG_COMPILER_APPICON_NAME = AppIcon;
				INFOPLIST_FILE = "MemeMe 1.0/Info.plist";
				LD_RUNPATH_SEARCH_PATHS = "$(inherited) @executable_path/Frameworks";
				PRODUCT_BUNDLE_IDENTIFIER = "com.840w.MemeMe-1-0";
				PRODUCT_NAME = "$(TARGET_NAME)";
			};
			name = Release;
		};
		1D42AF4A1D4AAE0600640D9F /* Debug */ = {
			isa = XCBuildConfiguration;
			buildSettings = {
				BUNDLE_LOADER = "$(TEST_HOST)";
				INFOPLIST_FILE = "MemeMe 1.0Tests/Info.plist";
				LD_RUNPATH_SEARCH_PATHS = "$(inherited) @executable_path/Frameworks @loader_path/Frameworks";
				PRODUCT_BUNDLE_IDENTIFIER = "com.840w.MemeMe-1-0Tests";
				PRODUCT_NAME = "$(TARGET_NAME)";
				TEST_HOST = "$(BUILT_PRODUCTS_DIR)/MemeMe 1.0.app/MemeMe 1.0";
			};
			name = Debug;
		};
		1D42AF4B1D4AAE0600640D9F /* Release */ = {
			isa = XCBuildConfiguration;
			buildSettings = {
				BUNDLE_LOADER = "$(TEST_HOST)";
				INFOPLIST_FILE = "MemeMe 1.0Tests/Info.plist";
				LD_RUNPATH_SEARCH_PATHS = "$(inherited) @executable_path/Frameworks @loader_path/Frameworks";
				PRODUCT_BUNDLE_IDENTIFIER = "com.840w.MemeMe-1-0Tests";
				PRODUCT_NAME = "$(TARGET_NAME)";
				TEST_HOST = "$(BUILT_PRODUCTS_DIR)/MemeMe 1.0.app/MemeMe 1.0";
			};
			name = Release;
		};
		1D42AF4D1D4AAE0600640D9F /* Debug */ = {
			isa = XCBuildConfiguration;
			buildSettings = {
				INFOPLIST_FILE = "MemeMe 1.0UITests/Info.plist";
				LD_RUNPATH_SEARCH_PATHS = "$(inherited) @executable_path/Frameworks @loader_path/Frameworks";
				PRODUCT_BUNDLE_IDENTIFIER = "com.840w.MemeMe-1-0UITests";
				PRODUCT_NAME = "$(TARGET_NAME)";
				TEST_TARGET_NAME = "MemeMe 1.0";
			};
			name = Debug;
		};
		1D42AF4E1D4AAE0600640D9F /* Release */ = {
			isa = XCBuildConfiguration;
			buildSettings = {
				INFOPLIST_FILE = "MemeMe 1.0UITests/Info.plist";
				LD_RUNPATH_SEARCH_PATHS = "$(inherited) @executable_path/Frameworks @loader_path/Frameworks";
				PRODUCT_BUNDLE_IDENTIFIER = "com.840w.MemeMe-1-0UITests";
				PRODUCT_NAME = "$(TARGET_NAME)";
				TEST_TARGET_NAME = "MemeMe 1.0";
			};
			name = Release;
		};
/* End XCBuildConfiguration section */

/* Begin XCConfigurationList section */
		1D42AF191D4AAE0600640D9F /* Build configuration list for PBXProject "MemeMe 1.0" */ = {
			isa = XCConfigurationList;
			buildConfigurations = (
				1D42AF441D4AAE0600640D9F /* Debug */,
				1D42AF451D4AAE0600640D9F /* Release */,
			);
			defaultConfigurationIsVisible = 0;
			defaultConfigurationName = Release;
		};
		1D42AF461D4AAE0600640D9F /* Build configuration list for PBXNativeTarget "MemeMe 1.0" */ = {
			isa = XCConfigurationList;
			buildConfigurations = (
				1D42AF471D4AAE0600640D9F /* Debug */,
				1D42AF481D4AAE0600640D9F /* Release */,
			);
			defaultConfigurationIsVisible = 0;
			defaultConfigurationName = Release;
		};
		1D42AF491D4AAE0600640D9F /* Build configuration list for PBXNativeTarget "MemeMe 1.0Tests" */ = {
			isa = XCConfigurationList;
			buildConfigurations = (
				1D42AF4A1D4AAE0600640D9F /* Debug */,
				1D42AF4B1D4AAE0600640D9F /* Release */,
			);
			defaultConfigurationIsVisible = 0;
			defaultConfigurationName = Release;
		};
		1D42AF4C1D4AAE0600640D9F /* Build configuration list for PBXNativeTarget "MemeMe 1.0UITests" */ = {
			isa = XCConfigurationList;
			buildConfigurations = (
				1D42AF4D1D4AAE0600640D9F /* Debug */,
				1D42AF4E1D4AAE0600640D9F /* Release */,
			);
			defaultConfigurationIsVisible = 0;
			defaultConfigurationName = Release;
		};
/* End XCConfigurationList section */
	};
	rootObject = 1D42AF161D4AAE0600640D9F /* Project object */;
}
